
Microsoft Visual Studio Solution File, Format Version 12.00
Project("{FAE04EC0-301F-11D3-BF4B-00C04F79EFBC}") = "Domain", "Domain\Domain.csproj", "{59261CB2-1ADF-4D83-A4AB-E14BEB95E746}"
EndProject
Project("{FAE04EC0-301F-11D3-BF4B-00C04F79EFBC}") = "WebApi", "WebApi\WebApi.csproj", "{5B10D9B5-ED60-407D-9E3E-1E4F2A6CD281}"
EndProject
Project("{FAE04EC0-301F-11D3-BF4B-00C04F79EFBC}") = "Application", "Application\Application.csproj", "{704AB1D8-77DC-4AA2-8E67-1EC136D63A0E}"
EndProject
Project("{FAE04EC0-301F-11D3-BF4B-00C04F79EFBC}") = "FileData", "FileData\FileData.csproj", "{8709CB79-30B3-4135-9A6D-76A8DA68FB29}"
EndProject
Project("{FAE04EC0-301F-11D3-BF4B-00C04F79EFBC}") = "BlazorBR", "BlazorBR\BlazorBR.csproj", "{3C7C2FD2-ECFD-43FF-98AF-7F65BA6E8C3D}"
EndProject
Project("{FAE04EC0-301F-11D3-BF4B-00C04F79EFBC}") = "HttpClients", "HttpClients\HttpClients.csproj", "{37B0B3DF-87B0-4ABC-839D-9DC60B0D6A4E}"
EndProject
Project("{FAE04EC0-301F-11D3-BF4B-00C04F79EFBC}") = "EfcDataAccess_A", "EfcDataAccess_A\EfcDataAccess_A.csproj", "{8CAF7482-C09B-4F46-886E-DBE8F7E2C941}"
EndProject
Global
	GlobalSection(SolutionConfigurationPlatforms) = preSolution
		Debug|Any CPU = Debug|Any CPU
		Release|Any CPU = Release|Any CPU
	EndGlobalSection
	GlobalSection(ProjectConfigurationPlatforms) = postSolution
		{59261CB2-1ADF-4D83-A4AB-E14BEB95E746}.Debug|Any CPU.ActiveCfg = Debug|Any CPU
		{59261CB2-1ADF-4D83-A4AB-E14BEB95E746}.Debug|Any CPU.Build.0 = Debug|Any CPU
		{59261CB2-1ADF-4D83-A4AB-E14BEB95E746}.Release|Any CPU.ActiveCfg = Release|Any CPU
		{59261CB2-1ADF-4D83-A4AB-E14BEB95E746}.Release|Any CPU.Build.0 = Release|Any CPU
		{5B10D9B5-ED60-407D-9E3E-1E4F2A6CD281}.Debug|Any CPU.ActiveCfg = Debug|Any CPU
		{5B10D9B5-ED60-407D-9E3E-1E4F2A6CD281}.Debug|Any CPU.Build.0 = Debug|Any CPU
		{5B10D9B5-ED60-407D-9E3E-1E4F2A6CD281}.Release|Any CPU.ActiveCfg = Release|Any CPU
		{5B10D9B5-ED60-407D-9E3E-1E4F2A6CD281}.Release|Any CPU.Build.0 = Release|Any CPU
		{704AB1D8-77DC-4AA2-8E67-1EC136D63A0E}.Debug|Any CPU.ActiveCfg = Debug|Any CPU
		{704AB1D8-77DC-4AA2-8E67-1EC136D63A0E}.Debug|Any CPU.Build.0 = Debug|Any CPU
		{704AB1D8-77DC-4AA2-8E67-1EC136D63A0E}.Release|Any CPU.ActiveCfg = Release|Any CPU
		{704AB1D8-77DC-4AA2-8E67-1EC136D63A0E}.Release|Any CPU.Build.0 = Release|Any CPU
		{8709CB79-30B3-4135-9A6D-76A8DA68FB29}.Debug|Any CPU.ActiveCfg = Debug|Any CPU
		{8709CB79-30B3-4135-9A6D-76A8DA68FB29}.Debug|Any CPU.Build.0 = Debug|Any CPU
		{8709CB79-30B3-4135-9A6D-76A8DA68FB29}.Release|Any CPU.ActiveCfg = Release|Any CPU
		{8709CB79-30B3-4135-9A6D-76A8DA68FB29}.Release|Any CPU.Build.0 = Release|Any CPU
		{3C7C2FD2-ECFD-43FF-98AF-7F65BA6E8C3D}.Debug|Any CPU.ActiveCfg = Debug|Any CPU
		{3C7C2FD2-ECFD-43FF-98AF-7F65BA6E8C3D}.Debug|Any CPU.Build.0 = Debug|Any CPU
		{3C7C2FD2-ECFD-43FF-98AF-7F65BA6E8C3D}.Release|Any CPU.ActiveCfg = Release|Any CPU
		{3C7C2FD2-ECFD-43FF-98AF-7F65BA6E8C3D}.Release|Any CPU.Build.0 = Release|Any CPU
		{37B0B3DF-87B0-4ABC-839D-9DC60B0D6A4E}.Debug|Any CPU.ActiveCfg = Debug|Any CPU
		{37B0B3DF-87B0-4ABC-839D-9DC60B0D6A4E}.Debug|Any CPU.Build.0 = Debug|Any CPU
		{37B0B3DF-87B0-4ABC-839D-9DC60B0D6A4E}.Release|Any CPU.ActiveCfg = Release|Any CPU
		{37B0B3DF-87B0-4ABC-839D-9DC60B0D6A4E}.Release|Any CPU.Build.0 = Release|Any CPU
		{8CAF7482-C09B-4F46-886E-DBE8F7E2C941}.Debug|Any CPU.ActiveCfg = Debug|Any CPU
		{8CAF7482-C09B-4F46-886E-DBE8F7E2C941}.Debug|Any CPU.Build.0 = Debug|Any CPU
		{8CAF7482-C09B-4F46-886E-DBE8F7E2C941}.Release|Any CPU.ActiveCfg = Release|Any CPU
		{8CAF7482-C09B-4F46-886E-DBE8F7E2C941}.Release|Any CPU.Build.0 = Release|Any CPU
	EndGlobalSection
EndGlobal
